
Microsoft Visual Studio Solution File, Format Version 12.00
# Visual Studio Version 17
VisualStudioVersion = 17.7.34202.233
MinimumVisualStudioVersion = 10.0.40219.1
Project("{FAE04EC0-301F-11D3-BF4B-00C04F79EFBC}") = "BTRS", "BTRS\BTRS.csproj", "{F1C22A60-56F3-4A71-A656-CBC5A10DFAED}"
EndProject
Global
	GlobalSection(SolutionConfigurationPlatforms) = preSolution
		Debug|Any CPU = Debug|Any CPU
		Release|Any CPU = Release|Any CPU
	EndGlobalSection
	GlobalSection(ProjectConfigurationPlatforms) = postSolution
		{F1C22A60-56F3-4A71-A656-CBC5A10DFAED}.Debug|Any CPU.ActiveCfg = Debug|Any CPU
		{F1C22A60-56F3-4A71-A656-CBC5A10DFAED}.Debug|Any CPU.Build.0 = Debug|Any CPU
		{F1C22A60-56F3-4A71-A656-CBC5A10DFAED}.Release|Any CPU.ActiveCfg = Release|Any CPU
		{F1C22A60-56F3-4A71-A656-CBC5A10DFAED}.Release|Any CPU.Build.0 = Release|Any CPU
	EndGlobalSection
	GlobalSection(SolutionProperties) = preSolution
		HideSolutionNode = FALSE
	EndGlobalSection
	GlobalSection(ExtensibilityGlobals) = postSolution
		SolutionGuid = {096A08DB-EBD3-45C3-9F03-8AAE5237D6B5}
	EndGlobalSection
EndGlobal
